
Microsoft Visual Studio Solution File, Format Version 12.00
Project("{2150E333-8FDC-42A3-9474-1A3956D46DE8}") = "Solution Items", "Solution Items", "{E2DA20AA-28D1-455C-BF50-C49A8F831633}"
	ProjectSection(SolutionItems) = preProject
		.editorconfig = .editorconfig
		.gitignore = .gitignore
		Directory.Build.props = Directory.Build.props
		Directory.Packages.props = Directory.Packages.props
		global.json = global.json
		README.md = README.md
		.github\workflows\build.yml = .github\workflows\build.yml
		.github\workflows\release.yml = .github\workflows\release.yml
	EndProjectSection
EndProject
Project("{2150E333-8FDC-42A3-9474-1A3956D46DE8}") = "src", "src", "{6267E2ED-942C-497D-BFC9-B3CE0AFC276F}"
EndProject
Project("{2150E333-8FDC-42A3-9474-1A3956D46DE8}") = "test", "test", "{5267E2ED-942C-497D-BFC9-B3CE0AFC276F}"
EndProject
Project("{2150E333-8FDC-42A3-9474-1A3956D46DE8}") = "samples", "samples", "{4267E2ED-942C-497D-BFC9-B3CE0AFC276F}"
EndProject
Project("{2150E333-8FDC-42A3-9474-1A3956D46DE8}") = "Logging", "Logging", "{7267E2ED-942C-497D-BFC9-B3CE0AFC276F}"
EndProject
Project("{2150E333-8FDC-42A3-9474-1A3956D46DE8}") = "Storage", "Storage", "{8267E2ED-942C-497D-BFC9-B3CE0AFC276F}"
EndProject
Project("{2150E333-8FDC-42A3-9474-1A3956D46DE8}") = "Monitoring", "Monitoring", "{9267E2ED-942C-497D-BFC9-B3CE0AFC276F}"
EndProject

Project("{FAE04EC0-301F-11D3-BF4B-00C04F79EFBC}") = "EverTask", "src\EverTask\EverTask.csproj", "{EF3FB892-548E-49F8-A96E-2C3D289507F8}"
EndProject
Project("{FAE04EC0-301F-11D3-BF4B-00C04F79EFBC}") = "EverTask.Abstractions", "src\EverTask.Abstractions\EverTask.Abstractions.csproj", "{4992D71B-E01C-461A-9DCA-C2767E5E8E55}"
EndProject
Project("{FAE04EC0-301F-11D3-BF4B-00C04F79EFBC}") = "EverTask.Logging.Serilog", "src\Logging\EverTask.Logging.Serilog\EverTask.Logging.Serilog.csproj", "{511F9BA8-56A0-487D-BDEF-6D3A65D600FF}"
EndProject
Project("{FAE04EC0-301F-11D3-BF4B-00C04F79EFBC}") = "EverTask.Storage.EfCore", "src\Storage\EverTask.Storage.EfCore\EverTask.Storage.EfCore.csproj", "{F2A0340F-C884-4314-A209-01494ECCACEE}"
EndProject
Project("{FAE04EC0-301F-11D3-BF4B-00C04F79EFBC}") = "EverTask.Storage.SqlServer", "src\Storage\EverTask.Storage.SqlServer\EverTask.Storage.SqlServer.csproj", "{59C7A64C-3583-4D6D-9F47-EFB1E8E395B2}"
EndProject
Project("{FAE04EC0-301F-11D3-BF4B-00C04F79EFBC}") = "EverTask.Example.AspnetCore", "samples\EverTask.Example.AspnetCore\EverTask.Example.AspnetCore.csproj", "{AD3210EB-3FE1-41BE-8EBF-436403E8C438}"
EndProject
Project("{FAE04EC0-301F-11D3-BF4B-00C04F79EFBC}") = "EverTask.Tests", "test\EverTask.Tests\EverTask.Tests.csproj", "{1C94BDE0-4F9D-4E0E-BEEE-B7EA447FB12B}"
EndProject
Project("{FAE04EC0-301F-11D3-BF4B-00C04F79EFBC}") = "EverTask.Example.Console", "samples\EverTask.Example.Console\EverTask.Example.Console.csproj", "{BF3ADDF4-0D4D-4E17-9E20-A1EBB5B04DCE}"
EndProject
Project("{FAE04EC0-301F-11D3-BF4B-00C04F79EFBC}") = "EverTask.Tests.Logging", "test\EverTask.Tests.Logging\EverTask.Tests.Logging.csproj", "{497BE5B4-6B0A-47EE-9BAB-783D4FAC7184}"
EndProject
Project("{FAE04EC0-301F-11D3-BF4B-00C04F79EFBC}") = "EverTask.Tests.Storage", "test\EverTask.Tests.Storage\EverTask.Tests.Storage.csproj", "{A40C03EB-A2D8-49ED-A4B5-828FDE5DF48D}"
EndProject
Project("{FAE04EC0-301F-11D3-BF4B-00C04F79EFBC}") = "EverTask.Monitor.AspnetCore.SignalR", "src\Monitoring\EverTask.Monitor.AspnetCore.SignalR\EverTask.Monitor.AspnetCore.SignalR.csproj", "{D68A8148-9FC3-4982-BA6E-7821B098D8B1}"
EndProject
Project("{FAE04EC0-301F-11D3-BF4B-00C04F79EFBC}") = "EverTask.Storage.Sqlite", "src\Storage\EverTask.Storage.Sqlite\EverTask.Storage.Sqlite.csproj", "{639C703E-88C5-4850-B97F-03AAB9BBDAE9}"
EndProject
Global
	GlobalSection(SolutionConfigurationPlatforms) = preSolution
		Debug|Any CPU = Debug|Any CPU
		Release|Any CPU = Release|Any CPU
	EndGlobalSection
	GlobalSection(ProjectConfigurationPlatforms) = postSolution
		{EF3FB892-548E-49F8-A96E-2C3D289507F8}.Debug|Any CPU.ActiveCfg = Debug|Any CPU
		{EF3FB892-548E-49F8-A96E-2C3D289507F8}.Debug|Any CPU.Build.0 = Debug|Any CPU
		{EF3FB892-548E-49F8-A96E-2C3D289507F8}.Release|Any CPU.ActiveCfg = Release|Any CPU
		{EF3FB892-548E-49F8-A96E-2C3D289507F8}.Release|Any CPU.Build.0 = Release|Any CPU
		{4992D71B-E01C-461A-9DCA-C2767E5E8E55}.Debug|Any CPU.ActiveCfg = Debug|Any CPU
		{4992D71B-E01C-461A-9DCA-C2767E5E8E55}.Debug|Any CPU.Build.0 = Debug|Any CPU
		{4992D71B-E01C-461A-9DCA-C2767E5E8E55}.Release|Any CPU.ActiveCfg = Release|Any CPU
		{4992D71B-E01C-461A-9DCA-C2767E5E8E55}.Release|Any CPU.Build.0 = Release|Any CPU
		{511F9BA8-56A0-487D-BDEF-6D3A65D600FF}.Debug|Any CPU.ActiveCfg = Debug|Any CPU
		{511F9BA8-56A0-487D-BDEF-6D3A65D600FF}.Debug|Any CPU.Build.0 = Debug|Any CPU
		{511F9BA8-56A0-487D-BDEF-6D3A65D600FF}.Release|Any CPU.ActiveCfg = Release|Any CPU
		{511F9BA8-56A0-487D-BDEF-6D3A65D600FF}.Release|Any CPU.Build.0 = Release|Any CPU
		{F2A0340F-C884-4314-A209-01494ECCACEE}.Debug|Any CPU.ActiveCfg = Debug|Any CPU
		{F2A0340F-C884-4314-A209-01494ECCACEE}.Debug|Any CPU.Build.0 = Debug|Any CPU
		{F2A0340F-C884-4314-A209-01494ECCACEE}.Release|Any CPU.ActiveCfg = Release|Any CPU
		{F2A0340F-C884-4314-A209-01494ECCACEE}.Release|Any CPU.Build.0 = Release|Any CPU
		{59C7A64C-3583-4D6D-9F47-EFB1E8E395B2}.Debug|Any CPU.ActiveCfg = Debug|Any CPU
		{59C7A64C-3583-4D6D-9F47-EFB1E8E395B2}.Debug|Any CPU.Build.0 = Debug|Any CPU
		{59C7A64C-3583-4D6D-9F47-EFB1E8E395B2}.Release|Any CPU.ActiveCfg = Release|Any CPU
		{59C7A64C-3583-4D6D-9F47-EFB1E8E395B2}.Release|Any CPU.Build.0 = Release|Any CPU
		{AD3210EB-3FE1-41BE-8EBF-436403E8C438}.Debug|Any CPU.ActiveCfg = Debug|Any CPU
		{AD3210EB-3FE1-41BE-8EBF-436403E8C438}.Debug|Any CPU.Build.0 = Debug|Any CPU
		{AD3210EB-3FE1-41BE-8EBF-436403E8C438}.Release|Any CPU.ActiveCfg = Release|Any CPU
		{AD3210EB-3FE1-41BE-8EBF-436403E8C438}.Release|Any CPU.Build.0 = Release|Any CPU
		{1C94BDE0-4F9D-4E0E-BEEE-B7EA447FB12B}.Debug|Any CPU.ActiveCfg = Debug|Any CPU
		{1C94BDE0-4F9D-4E0E-BEEE-B7EA447FB12B}.Debug|Any CPU.Build.0 = Debug|Any CPU
		{1C94BDE0-4F9D-4E0E-BEEE-B7EA447FB12B}.Release|Any CPU.ActiveCfg = Release|Any CPU
		{1C94BDE0-4F9D-4E0E-BEEE-B7EA447FB12B}.Release|Any CPU.Build.0 = Release|Any CPU
		{BF3ADDF4-0D4D-4E17-9E20-A1EBB5B04DCE}.Debug|Any CPU.ActiveCfg = Debug|Any CPU
		{BF3ADDF4-0D4D-4E17-9E20-A1EBB5B04DCE}.Debug|Any CPU.Build.0 = Debug|Any CPU
		{BF3ADDF4-0D4D-4E17-9E20-A1EBB5B04DCE}.Release|Any CPU.ActiveCfg = Release|Any CPU
		{BF3ADDF4-0D4D-4E17-9E20-A1EBB5B04DCE}.Release|Any CPU.Build.0 = Release|Any CPU
		{497BE5B4-6B0A-47EE-9BAB-783D4FAC7184}.Debug|Any CPU.ActiveCfg = Debug|Any CPU
		{497BE5B4-6B0A-47EE-9BAB-783D4FAC7184}.Debug|Any CPU.Build.0 = Debug|Any CPU
		{497BE5B4-6B0A-47EE-9BAB-783D4FAC7184}.Release|Any CPU.ActiveCfg = Release|Any CPU
		{497BE5B4-6B0A-47EE-9BAB-783D4FAC7184}.Release|Any CPU.Build.0 = Release|Any CPU
		{A40C03EB-A2D8-49ED-A4B5-828FDE5DF48D}.Debug|Any CPU.ActiveCfg = Debug|Any CPU
		{A40C03EB-A2D8-49ED-A4B5-828FDE5DF48D}.Debug|Any CPU.Build.0 = Debug|Any CPU
		{A40C03EB-A2D8-49ED-A4B5-828FDE5DF48D}.Release|Any CPU.ActiveCfg = Release|Any CPU
		{A40C03EB-A2D8-49ED-A4B5-828FDE5DF48D}.Release|Any CPU.Build.0 = Release|Any CPU
		{D68A8148-9FC3-4982-BA6E-7821B098D8B1}.Debug|Any CPU.ActiveCfg = Debug|Any CPU
		{D68A8148-9FC3-4982-BA6E-7821B098D8B1}.Debug|Any CPU.Build.0 = Debug|Any CPU
		{D68A8148-9FC3-4982-BA6E-7821B098D8B1}.Release|Any CPU.ActiveCfg = Release|Any CPU
		{D68A8148-9FC3-4982-BA6E-7821B098D8B1}.Release|Any CPU.Build.0 = Release|Any CPU
		{639C703E-88C5-4850-B97F-03AAB9BBDAE9}.Debug|Any CPU.ActiveCfg = Debug|Any CPU
		{639C703E-88C5-4850-B97F-03AAB9BBDAE9}.Debug|Any CPU.Build.0 = Debug|Any CPU
		{639C703E-88C5-4850-B97F-03AAB9BBDAE9}.Release|Any CPU.ActiveCfg = Release|Any CPU
		{639C703E-88C5-4850-B97F-03AAB9BBDAE9}.Release|Any CPU.Build.0 = Release|Any CPU
	EndGlobalSection
	GlobalSection(NestedProjects) = preSolution
		{EF3FB892-548E-49F8-A96E-2C3D289507F8} = {6267E2ED-942C-497D-BFC9-B3CE0AFC276F}
		{4992D71B-E01C-461A-9DCA-C2767E5E8E55} = {6267E2ED-942C-497D-BFC9-B3CE0AFC276F}
		{7267E2ED-942C-497D-BFC9-B3CE0AFC276F} = {6267E2ED-942C-497D-BFC9-B3CE0AFC276F}
		{8267E2ED-942C-497D-BFC9-B3CE0AFC276F} = {6267E2ED-942C-497D-BFC9-B3CE0AFC276F}
		{511F9BA8-56A0-487D-BDEF-6D3A65D600FF} = {7267E2ED-942C-497D-BFC9-B3CE0AFC276F}
		{F2A0340F-C884-4314-A209-01494ECCACEE} = {8267E2ED-942C-497D-BFC9-B3CE0AFC276F}
		{59C7A64C-3583-4D6D-9F47-EFB1E8E395B2} = {8267E2ED-942C-497D-BFC9-B3CE0AFC276F}
		{AD3210EB-3FE1-41BE-8EBF-436403E8C438} = {4267E2ED-942C-497D-BFC9-B3CE0AFC276F}
		{1C94BDE0-4F9D-4E0E-BEEE-B7EA447FB12B} = {5267E2ED-942C-497D-BFC9-B3CE0AFC276F}
		{BF3ADDF4-0D4D-4E17-9E20-A1EBB5B04DCE} = {4267E2ED-942C-497D-BFC9-B3CE0AFC276F}
		{497BE5B4-6B0A-47EE-9BAB-783D4FAC7184} = {5267E2ED-942C-497D-BFC9-B3CE0AFC276F}
		{A40C03EB-A2D8-49ED-A4B5-828FDE5DF48D} = {5267E2ED-942C-497D-BFC9-B3CE0AFC276F}
		{9267E2ED-942C-497D-BFC9-B3CE0AFC276F} = {6267E2ED-942C-497D-BFC9-B3CE0AFC276F}
		{D68A8148-9FC3-4982-BA6E-7821B098D8B1} = {9267E2ED-942C-497D-BFC9-B3CE0AFC276F}
		{639C703E-88C5-4850-B97F-03AAB9BBDAE9} = {8267E2ED-942C-497D-BFC9-B3CE0AFC276F}
	EndGlobalSection
EndGlobal
